
Microsoft Visual Studio Solution File, Format Version 12.00
# Visual Studio 15
VisualStudioVersion = 15.0.26730.16
MinimumVisualStudioVersion = 10.0.40219.1
Project("{FAE04EC0-301F-11D3-BF4B-00C04F79EFBC}") = "I-O_HomeWork", "I-O_HomeWork\I-O_HomeWork.csproj", "{47C804D4-7700-4AB3-BA84-1D9756F84334}"
EndProject
Project("{FAE04EC0-301F-11D3-BF4B-00C04F79EFBC}") = "FileFinder", "FileFinder\FileFinder.csproj", "{7DC71CD9-C4FA-478A-8BB7-FDCD7A8D08B1}"
EndProject
Project("{FAE04EC0-301F-11D3-BF4B-00C04F79EFBC}") = "Task 1 HundredFolders", "Task 1 HundredFolders\Task 1 HundredFolders.csproj", "{43F2A574-F7E7-45EE-8665-1A13600DCDEB}"
EndProject
Global
	GlobalSection(SolutionConfigurationPlatforms) = preSolution
		Debug|Any CPU = Debug|Any CPU
		Release|Any CPU = Release|Any CPU
	EndGlobalSection
	GlobalSection(ProjectConfigurationPlatforms) = postSolution
		{47C804D4-7700-4AB3-BA84-1D9756F84334}.Debug|Any CPU.ActiveCfg = Debug|Any CPU
		{47C804D4-7700-4AB3-BA84-1D9756F84334}.Debug|Any CPU.Build.0 = Debug|Any CPU
		{47C804D4-7700-4AB3-BA84-1D9756F84334}.Release|Any CPU.ActiveCfg = Release|Any CPU
		{47C804D4-7700-4AB3-BA84-1D9756F84334}.Release|Any CPU.Build.0 = Release|Any CPU
		{7DC71CD9-C4FA-478A-8BB7-FDCD7A8D08B1}.Debug|Any CPU.ActiveCfg = Debug|Any CPU
		{7DC71CD9-C4FA-478A-8BB7-FDCD7A8D08B1}.Debug|Any CPU.Build.0 = Debug|Any CPU
		{7DC71CD9-C4FA-478A-8BB7-FDCD7A8D08B1}.Release|Any CPU.ActiveCfg = Release|Any CPU
		{7DC71CD9-C4FA-478A-8BB7-FDCD7A8D08B1}.Release|Any CPU.Build.0 = Release|Any CPU
		{43F2A574-F7E7-45EE-8665-1A13600DCDEB}.Debug|Any CPU.ActiveCfg = Debug|Any CPU
		{43F2A574-F7E7-45EE-8665-1A13600DCDEB}.Debug|Any CPU.Build.0 = Debug|Any CPU
		{43F2A574-F7E7-45EE-8665-1A13600DCDEB}.Release|Any CPU.ActiveCfg = Release|Any CPU
		{43F2A574-F7E7-45EE-8665-1A13600DCDEB}.Release|Any CPU.Build.0 = Release|Any CPU
	EndGlobalSection
	GlobalSection(SolutionProperties) = preSolution
		HideSolutionNode = FALSE
	EndGlobalSection
	GlobalSection(ExtensibilityGlobals) = postSolution
		SolutionGuid = {D8D25C11-9851-4F6D-846D-CB40492CA125}
	EndGlobalSection
EndGlobal
