
Microsoft Visual Studio Solution File, Format Version 12.00
# Visual Studio 15
VisualStudioVersion = 15.0.27130.2027
MinimumVisualStudioVersion = 10.0.40219.1
Project("{FAE04EC0-301F-11D3-BF4B-00C04F79EFBC}") = "RegEx", "RegEx\RegEx.csproj", "{D9C3A71D-211D-49B2-A641-C6C11D03D173}"
EndProject
Project("{FAE04EC0-301F-11D3-BF4B-00C04F79EFBC}") = "RegistrationRegEx", "RegistrationRegEx\RegistrationRegEx.csproj", "{37EBD017-03BD-4135-B961-34F69B30B5B9}"
EndProject
Global
	GlobalSection(SolutionConfigurationPlatforms) = preSolution
		Debug|Any CPU = Debug|Any CPU
		Release|Any CPU = Release|Any CPU
	EndGlobalSection
	GlobalSection(ProjectConfigurationPlatforms) = postSolution
		{D9C3A71D-211D-49B2-A641-C6C11D03D173}.Debug|Any CPU.ActiveCfg = Debug|Any CPU
		{D9C3A71D-211D-49B2-A641-C6C11D03D173}.Debug|Any CPU.Build.0 = Debug|Any CPU
		{D9C3A71D-211D-49B2-A641-C6C11D03D173}.Release|Any CPU.ActiveCfg = Release|Any CPU
		{D9C3A71D-211D-49B2-A641-C6C11D03D173}.Release|Any CPU.Build.0 = Release|Any CPU
		{37EBD017-03BD-4135-B961-34F69B30B5B9}.Debug|Any CPU.ActiveCfg = Debug|Any CPU
		{37EBD017-03BD-4135-B961-34F69B30B5B9}.Debug|Any CPU.Build.0 = Debug|Any CPU
		{37EBD017-03BD-4135-B961-34F69B30B5B9}.Release|Any CPU.ActiveCfg = Release|Any CPU
		{37EBD017-03BD-4135-B961-34F69B30B5B9}.Release|Any CPU.Build.0 = Release|Any CPU
	EndGlobalSection
	GlobalSection(SolutionProperties) = preSolution
		HideSolutionNode = FALSE
	EndGlobalSection
	GlobalSection(ExtensibilityGlobals) = postSolution
		SolutionGuid = {FB37AEF1-1C44-41E2-97C7-EBB88CE3E9B9}
	EndGlobalSection
EndGlobal
